
Microsoft Visual Studio Solution File, Format Version 12.00
# Visual Studio Version 17
VisualStudioVersion = 17.3.32825.248
MinimumVisualStudioVersion = 10.0.40219.1
Project("{9A19103F-16F7-4668-BE54-9A1E7A4F7556}") = "VolksEEG.Communications", "Communications\VolksEEG.Communications.csproj", "{40E5CD8A-FAE7-4C6B-8B46-B73FCD538219}"
EndProject
Project("{9A19103F-16F7-4668-BE54-9A1E7A4F7556}") = "TestApplication", "TestApplication\TestApplication.csproj", "{4F9DBFD7-CEF4-453A-A9F9-B07BE8E122B5}"
EndProject
Project("{FAE04EC0-301F-11D3-BF4B-00C04F79EFBC}") = "UnitTests", "UnitTests\UnitTests.csproj", "{1A3B6552-1E46-4034-A9D9-98D39C3398E1}"
EndProject
Global
	GlobalSection(SolutionConfigurationPlatforms) = preSolution
		Debug|Any CPU = Debug|Any CPU
		Debug|x64 = Debug|x64
		Debug|x86 = Debug|x86
		Release|Any CPU = Release|Any CPU
		Release|x64 = Release|x64
		Release|x86 = Release|x86
	EndGlobalSection
	GlobalSection(ProjectConfigurationPlatforms) = postSolution
		{40E5CD8A-FAE7-4C6B-8B46-B73FCD538219}.Debug|Any CPU.ActiveCfg = Debug|Any CPU
		{40E5CD8A-FAE7-4C6B-8B46-B73FCD538219}.Debug|Any CPU.Build.0 = Debug|Any CPU
		{40E5CD8A-FAE7-4C6B-8B46-B73FCD538219}.Debug|x64.ActiveCfg = Debug|Any CPU
		{40E5CD8A-FAE7-4C6B-8B46-B73FCD538219}.Debug|x64.Build.0 = Debug|Any CPU
		{40E5CD8A-FAE7-4C6B-8B46-B73FCD538219}.Debug|x86.ActiveCfg = Debug|Any CPU
		{40E5CD8A-FAE7-4C6B-8B46-B73FCD538219}.Debug|x86.Build.0 = Debug|Any CPU
		{40E5CD8A-FAE7-4C6B-8B46-B73FCD538219}.Release|Any CPU.ActiveCfg = Release|Any CPU
		{40E5CD8A-FAE7-4C6B-8B46-B73FCD538219}.Release|Any CPU.Build.0 = Release|Any CPU
		{40E5CD8A-FAE7-4C6B-8B46-B73FCD538219}.Release|x64.ActiveCfg = Release|Any CPU
		{40E5CD8A-FAE7-4C6B-8B46-B73FCD538219}.Release|x64.Build.0 = Release|Any CPU
		{40E5CD8A-FAE7-4C6B-8B46-B73FCD538219}.Release|x86.ActiveCfg = Release|Any CPU
		{40E5CD8A-FAE7-4C6B-8B46-B73FCD538219}.Release|x86.Build.0 = Release|Any CPU
		{4F9DBFD7-CEF4-453A-A9F9-B07BE8E122B5}.Debug|Any CPU.ActiveCfg = Debug|Any CPU
		{4F9DBFD7-CEF4-453A-A9F9-B07BE8E122B5}.Debug|Any CPU.Build.0 = Debug|Any CPU
		{4F9DBFD7-CEF4-453A-A9F9-B07BE8E122B5}.Debug|x64.ActiveCfg = Debug|Any CPU
		{4F9DBFD7-CEF4-453A-A9F9-B07BE8E122B5}.Debug|x64.Build.0 = Debug|Any CPU
		{4F9DBFD7-CEF4-453A-A9F9-B07BE8E122B5}.Debug|x86.ActiveCfg = Debug|Any CPU
		{4F9DBFD7-CEF4-453A-A9F9-B07BE8E122B5}.Debug|x86.Build.0 = Debug|Any CPU
		{4F9DBFD7-CEF4-453A-A9F9-B07BE8E122B5}.Release|Any CPU.ActiveCfg = Release|Any CPU
		{4F9DBFD7-CEF4-453A-A9F9-B07BE8E122B5}.Release|Any CPU.Build.0 = Release|Any CPU
		{4F9DBFD7-CEF4-453A-A9F9-B07BE8E122B5}.Release|x64.ActiveCfg = Release|Any CPU
		{4F9DBFD7-CEF4-453A-A9F9-B07BE8E122B5}.Release|x64.Build.0 = Release|Any CPU
		{4F9DBFD7-CEF4-453A-A9F9-B07BE8E122B5}.Release|x86.ActiveCfg = Release|Any CPU
		{4F9DBFD7-CEF4-453A-A9F9-B07BE8E122B5}.Release|x86.Build.0 = Release|Any CPU
		{1A3B6552-1E46-4034-A9D9-98D39C3398E1}.Debug|Any CPU.ActiveCfg = Debug|Any CPU
		{1A3B6552-1E46-4034-A9D9-98D39C3398E1}.Debug|Any CPU.Build.0 = Debug|Any CPU
		{1A3B6552-1E46-4034-A9D9-98D39C3398E1}.Debug|x64.ActiveCfg = Debug|Any CPU
		{1A3B6552-1E46-4034-A9D9-98D39C3398E1}.Debug|x64.Build.0 = Debug|Any CPU
		{1A3B6552-1E46-4034-A9D9-98D39C3398E1}.Debug|x86.ActiveCfg = Debug|Any CPU
		{1A3B6552-1E46-4034-A9D9-98D39C3398E1}.Debug|x86.Build.0 = Debug|Any CPU
		{1A3B6552-1E46-4034-A9D9-98D39C3398E1}.Release|Any CPU.ActiveCfg = Release|Any CPU
		{1A3B6552-1E46-4034-A9D9-98D39C3398E1}.Release|Any CPU.Build.0 = Release|Any CPU
		{1A3B6552-1E46-4034-A9D9-98D39C3398E1}.Release|x64.ActiveCfg = Release|Any CPU
		{1A3B6552-1E46-4034-A9D9-98D39C3398E1}.Release|x64.Build.0 = Release|Any CPU
		{1A3B6552-1E46-4034-A9D9-98D39C3398E1}.Release|x86.ActiveCfg = Release|Any CPU
		{1A3B6552-1E46-4034-A9D9-98D39C3398E1}.Release|x86.Build.0 = Release|Any CPU
	EndGlobalSection
	GlobalSection(SolutionProperties) = preSolution
		HideSolutionNode = FALSE
	EndGlobalSection
	GlobalSection(ExtensibilityGlobals) = postSolution
		SolutionGuid = {BC67D187-0636-40D2-989F-FE509A4BF8C8}
	EndGlobalSection
EndGlobal
